
Microsoft Visual Studio Solution File, Format Version 12.00
# Visual Studio Version 16
VisualStudioVersion = 16.0.30002.166
MinimumVisualStudioVersion = 10.0.40219.1
Project("{FAE04EC0-301F-11D3-BF4B-00C04F79EFBC}") = "Xen Roleplay", "Xen Roleplay.csproj", "{252A6994-0D9A-4CE5-BA44-FC48C86744BE}"
EndProject
Global
	GlobalSection(SolutionConfigurationPlatforms) = preSolution
		Debug|Any CPU = Debug|Any CPU
		Release|Any CPU = Release|Any CPU
	EndGlobalSection
	GlobalSection(ProjectConfigurationPlatforms) = postSolution
		{252A6994-0D9A-4CE5-BA44-FC48C86744BE}.Debug|Any CPU.ActiveCfg = Debug|Any CPU
		{252A6994-0D9A-4CE5-BA44-FC48C86744BE}.Debug|Any CPU.Build.0 = Debug|Any CPU
		{252A6994-0D9A-4CE5-BA44-FC48C86744BE}.Release|Any CPU.ActiveCfg = Release|Any CPU
		{252A6994-0D9A-4CE5-BA44-FC48C86744BE}.Release|Any CPU.Build.0 = Release|Any CPU
	EndGlobalSection
	GlobalSection(SolutionProperties) = preSolution
		HideSolutionNode = FALSE
	EndGlobalSection
	GlobalSection(ExtensibilityGlobals) = postSolution
		SolutionGuid = {65974EE4-AFB5-438E-BB47-AF76FFCB491D}
	EndGlobalSection
EndGlobal
